
Microsoft Visual Studio Solution File, Format Version 12.00
# Visual Studio Version 17
VisualStudioVersion = 17.14.36203.30 d17.14
MinimumVisualStudioVersion = 10.0.40219.1
Project("{FAE04EC0-301F-11D3-BF4B-00C04F79EFBC}") = "50p_elementat", "50p_elementat\50p_elementat.csproj", "{4CE3A2C7-0BF7-45B3-8F41-318A219716B1}"
EndProject
Global
	GlobalSection(SolutionConfigurationPlatforms) = preSolution
		Debug|Any CPU = Debug|Any CPU
		Release|Any CPU = Release|Any CPU
	EndGlobalSection
	GlobalSection(ProjectConfigurationPlatforms) = postSolution
		{4CE3A2C7-0BF7-45B3-8F41-318A219716B1}.Debug|Any CPU.ActiveCfg = Debug|Any CPU
		{4CE3A2C7-0BF7-45B3-8F41-318A219716B1}.Debug|Any CPU.Build.0 = Debug|Any CPU
		{4CE3A2C7-0BF7-45B3-8F41-318A219716B1}.Release|Any CPU.ActiveCfg = Release|Any CPU
		{4CE3A2C7-0BF7-45B3-8F41-318A219716B1}.Release|Any CPU.Build.0 = Release|Any CPU
	EndGlobalSection
	GlobalSection(SolutionProperties) = preSolution
		HideSolutionNode = FALSE
	EndGlobalSection
	GlobalSection(ExtensibilityGlobals) = postSolution
		SolutionGuid = {F763674C-3137-4201-ABE3-BBD8CF5C0FDF}
	EndGlobalSection
EndGlobal
