
Microsoft Visual Studio Solution File, Format Version 12.00
# Visual Studio Version 17
VisualStudioVersion = 17.14.36203.30 d17.14
MinimumVisualStudioVersion = 10.0.40219.1
Project("{8BC9CEB8-8B4A-11D0-8D11-00A0C91BC942}") = "exchange_rate_102p", "exchange_rate_102p\exchange_rate_102p.vcxproj", "{BBEF6A66-87D6-4493-B034-002961EDBCE8}"
EndProject
Global
	GlobalSection(SolutionConfigurationPlatforms) = preSolution
		Debug|x64 = Debug|x64
		Debug|x86 = Debug|x86
		Release|x64 = Release|x64
		Release|x86 = Release|x86
	EndGlobalSection
	GlobalSection(ProjectConfigurationPlatforms) = postSolution
		{BBEF6A66-87D6-4493-B034-002961EDBCE8}.Debug|x64.ActiveCfg = Debug|x64
		{BBEF6A66-87D6-4493-B034-002961EDBCE8}.Debug|x64.Build.0 = Debug|x64
		{BBEF6A66-87D6-4493-B034-002961EDBCE8}.Debug|x86.ActiveCfg = Debug|Win32
		{BBEF6A66-87D6-4493-B034-002961EDBCE8}.Debug|x86.Build.0 = Debug|Win32
		{BBEF6A66-87D6-4493-B034-002961EDBCE8}.Release|x64.ActiveCfg = Release|x64
		{BBEF6A66-87D6-4493-B034-002961EDBCE8}.Release|x64.Build.0 = Release|x64
		{BBEF6A66-87D6-4493-B034-002961EDBCE8}.Release|x86.ActiveCfg = Release|Win32
		{BBEF6A66-87D6-4493-B034-002961EDBCE8}.Release|x86.Build.0 = Release|Win32
	EndGlobalSection
	GlobalSection(SolutionProperties) = preSolution
		HideSolutionNode = FALSE
	EndGlobalSection
	GlobalSection(ExtensibilityGlobals) = postSolution
		SolutionGuid = {2A0ECCF3-2F56-4AE0-948B-C1DCAE286D2F}
	EndGlobalSection
EndGlobal
